
Microsoft Visual Studio Solution File, Format Version 9.00
# Visual C++ Express 2005
Project("{8BC9CEB8-8B4A-11D0-8D11-00A0C91BC942}") = "WiiYourself! lib", "WiiYourself!.vcproj", "{2046B0D5-F10A-4D71-BC4E-3281906FCAF5}"
EndProject
Global
	GlobalSection(SolutionConfigurationPlatforms) = preSolution
		Debug|Win32 = Debug|Win32
		DebugU|Win32 = DebugU|Win32
		Release|Win32 = Release|Win32
		ReleaseU|Win32 = ReleaseU|Win32
	EndGlobalSection
	GlobalSection(ProjectConfigurationPlatforms) = postSolution
		{2046B0D5-F10A-4D71-BC4E-3281906FCAF5}.Debug|Win32.ActiveCfg = Debug|Win32
		{2046B0D5-F10A-4D71-BC4E-3281906FCAF5}.Debug|Win32.Build.0 = Debug|Win32
		{2046B0D5-F10A-4D71-BC4E-3281906FCAF5}.DebugU|Win32.ActiveCfg = DebugU|Win32
		{2046B0D5-F10A-4D71-BC4E-3281906FCAF5}.DebugU|Win32.Build.0 = DebugU|Win32
		{2046B0D5-F10A-4D71-BC4E-3281906FCAF5}.Release|Win32.ActiveCfg = Release|Win32
		{2046B0D5-F10A-4D71-BC4E-3281906FCAF5}.Release|Win32.Build.0 = Release|Win32
		{2046B0D5-F10A-4D71-BC4E-3281906FCAF5}.ReleaseU|Win32.ActiveCfg = ReleaseU|Win32
		{2046B0D5-F10A-4D71-BC4E-3281906FCAF5}.ReleaseU|Win32.Build.0 = ReleaseU|Win32
	EndGlobalSection
	GlobalSection(SolutionProperties) = preSolution
		HideSolutionNode = FALSE
	EndGlobalSection
EndGlobal
